// !$*UTF8*$!
{
	archiveVersion = 1;
	classes = {
	};
	objectVersion = 70;
	objects = {

/* Begin PBXBuildFile section */
		804CE99D2CBC871F00886E44 /* BudgetIcons.swift in Sources */ = {isa = PBXBuildFile; fileRef = 804CE99C2CBC871F00886E44 /* BudgetIcons.swift */; };
		B488C5B62CF951B500125F3B /* GoogleService-Info.plist in Resources */ = {isa = PBXBuildFile; fileRef = B488C5B52CF951B500125F3B /* GoogleService-Info.plist */; };
		B488C5B92CF9526D00125F3B /* FirebaseAnalytics in Frameworks */ = {isa = PBXBuildFile; productRef = B488C5B82CF9526D00125F3B /* FirebaseAnalytics */; };
		B488C5BB2CF9526D00125F3B /* FirebaseAnalyticsOnDeviceConversion in Frameworks */ = {isa = PBXBuildFile; productRef = B488C5BA2CF9526D00125F3B /* FirebaseAnalyticsOnDeviceConversion */; };
		B488C5BD2CF9526D00125F3B /* FirebaseAnalyticsWithoutAdIdSupport in Frameworks */ = {isa = PBXBuildFile; productRef = B488C5BC2CF9526D00125F3B /* FirebaseAnalyticsWithoutAdIdSupport */; };
		B488C5BF2CF9526D00125F3B /* FirebaseAppCheck in Frameworks */ = {isa = PBXBuildFile; productRef = B488C5BE2CF9526D00125F3B /* FirebaseAppCheck */; };
		B488C5C12CF9526D00125F3B /* FirebaseAppDistribution-Beta in Frameworks */ = {isa = PBXBuildFile; productRef = B488C5C02CF9526D00125F3B /* FirebaseAppDistribution-Beta */; };
		B488C5C32CF9526D00125F3B /* FirebaseAuth in Frameworks */ = {isa = PBXBuildFile; productRef = B488C5C22CF9526D00125F3B /* FirebaseAuth */; };
		B488C5C52CF9526D00125F3B /* FirebaseAuthCombine-Community in Frameworks */ = {isa = PBXBuildFile; productRef = B488C5C42CF9526D00125F3B /* FirebaseAuthCombine-Community */; };
		B488C5C72CF9526D00125F3B /* FirebaseCore in Frameworks */ = {isa = PBXBuildFile; productRef = B488C5C62CF9526D00125F3B /* FirebaseCore */; };
		B488C5C92CF9526D00125F3B /* FirebaseCrashlytics in Frameworks */ = {isa = PBXBuildFile; productRef = B488C5C82CF9526D00125F3B /* FirebaseCrashlytics */; };
		B488C5CB2CF9526D00125F3B /* FirebaseDatabase in Frameworks */ = {isa = PBXBuildFile; productRef = B488C5CA2CF9526D00125F3B /* FirebaseDatabase */; };
		B488C5CD2CF9526D00125F3B /* FirebaseDynamicLinks in Frameworks */ = {isa = PBXBuildFile; productRef = B488C5CC2CF9526D00125F3B /* FirebaseDynamicLinks */; };
		B488C5CF2CF9526D00125F3B /* FirebaseFirestore in Frameworks */ = {isa = PBXBuildFile; productRef = B488C5CE2CF9526D00125F3B /* FirebaseFirestore */; };
		B488C5D12CF9526D00125F3B /* FirebaseFirestoreCombine-Community in Frameworks */ = {isa = PBXBuildFile; productRef = B488C5D02CF9526D00125F3B /* FirebaseFirestoreCombine-Community */; };
		B488C5D32CF9526D00125F3B /* FirebaseFunctions in Frameworks */ = {isa = PBXBuildFile; productRef = B488C5D22CF9526D00125F3B /* FirebaseFunctions */; };
		B488C5D52CF9526D00125F3B /* FirebaseFunctionsCombine-Community in Frameworks */ = {isa = PBXBuildFile; productRef = B488C5D42CF9526D00125F3B /* FirebaseFunctionsCombine-Community */; };
		B488C5D72CF9526D00125F3B /* FirebaseInAppMessaging-Beta in Frameworks */ = {isa = PBXBuildFile; productRef = B488C5D62CF9526D00125F3B /* FirebaseInAppMessaging-Beta */; };
		B488C5D92CF9526D00125F3B /* FirebaseInstallations in Frameworks */ = {isa = PBXBuildFile; productRef = B488C5D82CF9526D00125F3B /* FirebaseInstallations */; };
		B488C5DB2CF9526D00125F3B /* FirebaseMLModelDownloader in Frameworks */ = {isa = PBXBuildFile; productRef = B488C5DA2CF9526D00125F3B /* FirebaseMLModelDownloader */; };
		B488C5DD2CF9526D00125F3B /* FirebaseMessaging in Frameworks */ = {isa = PBXBuildFile; productRef = B488C5DC2CF9526D00125F3B /* FirebaseMessaging */; };
		B488C5DF2CF9526D00125F3B /* FirebasePerformance in Frameworks */ = {isa = PBXBuildFile; productRef = B488C5DE2CF9526D00125F3B /* FirebasePerformance */; };
		B488C5E12CF9526D00125F3B /* FirebaseRemoteConfig in Frameworks */ = {isa = PBXBuildFile; productRef = B488C5E02CF9526D00125F3B /* FirebaseRemoteConfig */; };
		B488C5E32CF9526D00125F3B /* FirebaseStorage in Frameworks */ = {isa = PBXBuildFile; productRef = B488C5E22CF9526D00125F3B /* FirebaseStorage */; };
		B488C5E52CF9526D00125F3B /* FirebaseStorageCombine-Community in Frameworks */ = {isa = PBXBuildFile; productRef = B488C5E42CF9526D00125F3B /* FirebaseStorageCombine-Community */; };
		B488C5E72CF9526D00125F3B /* FirebaseVertexAI in Frameworks */ = {isa = PBXBuildFile; productRef = B488C5E62CF9526D00125F3B /* FirebaseVertexAI */; };
		B4998C922CC4501C0079B12C /* ProfileView.swift in Sources */ = {isa = PBXBuildFile; fileRef = B4998C912CC4501C0079B12C /* ProfileView.swift */; };
		B4998C942CC457EF0079B12C /* EditBudgetView.swift in Sources */ = {isa = PBXBuildFile; fileRef = B4998C932CC457EF0079B12C /* EditBudgetView.swift */; };
		B4998C9C2CC5B1D20079B12C /* SplashScreenView.swift in Sources */ = {isa = PBXBuildFile; fileRef = B4998C9B2CC5B1D20079B12C /* SplashScreenView.swift */; };
		B4998CBF2CC86B980079B12C /* SettingsView.swift in Sources */ = {isa = PBXBuildFile; fileRef = B4998CBE2CC86B980079B12C /* SettingsView.swift */; };
		B4998CC12CC871EA0079B12C /* AboutUsView.swift in Sources */ = {isa = PBXBuildFile; fileRef = B4998CC02CC871EA0079B12C /* AboutUsView.swift */; };
		B4E44DF62CA7D0FA00C219B6 /* Team1_BudgetingAppApp.swift in Sources */ = {isa = PBXBuildFile; fileRef = B4E44DF52CA7D0FA00C219B6 /* Team1_BudgetingAppApp.swift */; };
		B4E44DF82CA7D0FA00C219B6 /* ContentView.swift in Sources */ = {isa = PBXBuildFile; fileRef = B4E44DF72CA7D0FA00C219B6 /* ContentView.swift */; };
		B4E44DFA2CA7D0FB00C219B6 /* Assets.xcassets in Resources */ = {isa = PBXBuildFile; fileRef = B4E44DF92CA7D0FB00C219B6 /* Assets.xcassets */; };
		B4E44DFD2CA7D0FB00C219B6 /* Preview Assets.xcassets in Resources */ = {isa = PBXBuildFile; fileRef = B4E44DFC2CA7D0FB00C219B6 /* Preview Assets.xcassets */; };
/* End PBXBuildFile section */

/* Begin PBXFileReference section */
		804CE99C2CBC871F00886E44 /* BudgetIcons.swift */ = {isa = PBXFileReference; lastKnownFileType = sourcecode.swift; path = BudgetIcons.swift; sourceTree = "<group>"; };
		B488C5B52CF951B500125F3B /* GoogleService-Info.plist */ = {isa = PBXFileReference; lastKnownFileType = text.plist.xml; path = "GoogleService-Info.plist"; sourceTree = "<group>"; };
		B4998C912CC4501C0079B12C /* ProfileView.swift */ = {isa = PBXFileReference; lastKnownFileType = sourcecode.swift; path = ProfileView.swift; sourceTree = "<group>"; };
		B4998C932CC457EF0079B12C /* EditBudgetView.swift */ = {isa = PBXFileReference; lastKnownFileType = sourcecode.swift; path = EditBudgetView.swift; sourceTree = "<group>"; };
		B4998C9B2CC5B1D20079B12C /* SplashScreenView.swift */ = {isa = PBXFileReference; lastKnownFileType = sourcecode.swift; path = SplashScreenView.swift; sourceTree = "<group>"; };
		B4998CBE2CC86B980079B12C /* SettingsView.swift */ = {isa = PBXFileReference; lastKnownFileType = sourcecode.swift; path = SettingsView.swift; sourceTree = "<group>"; };
		B4998CC02CC871EA0079B12C /* AboutUsView.swift */ = {isa = PBXFileReference; lastKnownFileType = sourcecode.swift; path = AboutUsView.swift; sourceTree = "<group>"; };
		B4E44DF22CA7D0FA00C219B6 /* Team1_BudgetingApp.app */ = {isa = PBXFileReference; explicitFileType = wrapper.application; includeInIndex = 0; path = Team1_BudgetingApp.app; sourceTree = BUILT_PRODUCTS_DIR; };
		B4E44DF52CA7D0FA00C219B6 /* Team1_BudgetingAppApp.swift */ = {isa = PBXFileReference; lastKnownFileType = sourcecode.swift; path = Team1_BudgetingAppApp.swift; sourceTree = "<group>"; };
		B4E44DF72CA7D0FA00C219B6 /* ContentView.swift */ = {isa = PBXFileReference; lastKnownFileType = sourcecode.swift; path = ContentView.swift; sourceTree = "<group>"; };
		B4E44DF92CA7D0FB00C219B6 /* Assets.xcassets */ = {isa = PBXFileReference; lastKnownFileType = folder.assetcatalog; path = Assets.xcassets; sourceTree = "<group>"; };
		B4E44DFC2CA7D0FB00C219B6 /* Preview Assets.xcassets */ = {isa = PBXFileReference; lastKnownFileType = folder.assetcatalog; path = "Preview Assets.xcassets"; sourceTree = "<group>"; };
/* End PBXFileReference section */

/* Begin PBXFileSystemSynchronizedBuildFileExceptionSet section */
		807639222CC7197C00F80452 /* PBXFileSystemSynchronizedBuildFileExceptionSet */ = {
			isa = PBXFileSystemSynchronizedBuildFileExceptionSet;
			membershipExceptions = (
				LoginView.swift,
				ResetPasswordView.swift,
				SignupView.swift,
			);
			target = B4E44DF12CA7D0FA00C219B6 /* Team1_BudgetingApp */;
		};
/* End PBXFileSystemSynchronizedBuildFileExceptionSet section */

/* Begin PBXFileSystemSynchronizedRootGroup section */
		8076391E2CC717E400F80452 /* FinanceReportViews */ = {isa = PBXFileSystemSynchronizedRootGroup; explicitFileTypes = {}; explicitFolders = (); path = FinanceReportViews; sourceTree = "<group>"; };
		807639212CC7194200F80452 /* LoginSignupViews */ = {isa = PBXFileSystemSynchronizedRootGroup; exceptions = (807639222CC7197C00F80452 /* PBXFileSystemSynchronizedBuildFileExceptionSet */, ); explicitFileTypes = {}; explicitFolders = (); path = LoginSignupViews; sourceTree = "<group>"; };
		807639382CC8575700F80452 /* TransactionsViews */ = {isa = PBXFileSystemSynchronizedRootGroup; explicitFileTypes = {}; explicitFolders = (); path = TransactionsViews; sourceTree = "<group>"; };
		8076393C2CC857A200F80452 /* Models */ = {isa = PBXFileSystemSynchronizedRootGroup; explicitFileTypes = {}; explicitFolders = (); path = Models; sourceTree = "<group>"; };
/* End PBXFileSystemSynchronizedRootGroup section */

/* Begin PBXFrameworksBuildPhase section */
		B4E44DEF2CA7D0FA00C219B6 /* Frameworks */ = {
			isa = PBXFrameworksBuildPhase;
			buildActionMask = 2147483647;
			files = (
				B488C5D12CF9526D00125F3B /* FirebaseFirestoreCombine-Community in Frameworks */,
				B488C5E72CF9526D00125F3B /* FirebaseVertexAI in Frameworks */,
				B488C5D32CF9526D00125F3B /* FirebaseFunctions in Frameworks */,
				B488C5DF2CF9526D00125F3B /* FirebasePerformance in Frameworks */,
				B488C5E52CF9526D00125F3B /* FirebaseStorageCombine-Community in Frameworks */,
				B488C5E12CF9526D00125F3B /* FirebaseRemoteConfig in Frameworks */,
				B488C5CB2CF9526D00125F3B /* FirebaseDatabase in Frameworks */,
				B488C5CD2CF9526D00125F3B /* FirebaseDynamicLinks in Frameworks */,
				B488C5BF2CF9526D00125F3B /* FirebaseAppCheck in Frameworks */,
				B488C5C32CF9526D00125F3B /* FirebaseAuth in Frameworks */,
				B488C5B92CF9526D00125F3B /* FirebaseAnalytics in Frameworks */,
				B488C5CF2CF9526D00125F3B /* FirebaseFirestore in Frameworks */,
				B488C5DD2CF9526D00125F3B /* FirebaseMessaging in Frameworks */,
				B488C5D92CF9526D00125F3B /* FirebaseInstallations in Frameworks */,
				B488C5D52CF9526D00125F3B /* FirebaseFunctionsCombine-Community in Frameworks */,
				B488C5C12CF9526D00125F3B /* FirebaseAppDistribution-Beta in Frameworks */,
				B488C5BD2CF9526D00125F3B /* FirebaseAnalyticsWithoutAdIdSupport in Frameworks */,
				B488C5D72CF9526D00125F3B /* FirebaseInAppMessaging-Beta in Frameworks */,
				B488C5C52CF9526D00125F3B /* FirebaseAuthCombine-Community in Frameworks */,
				B488C5C92CF9526D00125F3B /* FirebaseCrashlytics in Frameworks */,
				B488C5DB2CF9526D00125F3B /* FirebaseMLModelDownloader in Frameworks */,
				B488C5E32CF9526D00125F3B /* FirebaseStorage in Frameworks */,
				B488C5C72CF9526D00125F3B /* FirebaseCore in Frameworks */,
				B488C5BB2CF9526D00125F3B /* FirebaseAnalyticsOnDeviceConversion in Frameworks */,
			);
			runOnlyForDeploymentPostprocessing = 0;
		};
/* End PBXFrameworksBuildPhase section */

/* Begin PBXGroup section */
		B4E44DE92CA7D0FA00C219B6 = {
			isa = PBXGroup;
			children = (
				B4E44DF42CA7D0FA00C219B6 /* Team1_BudgetingApp */,
				B4E44DF32CA7D0FA00C219B6 /* Products */,
			);
			sourceTree = "<group>";
		};
		B4E44DF32CA7D0FA00C219B6 /* Products */ = {
			isa = PBXGroup;
			children = (
				B4E44DF22CA7D0FA00C219B6 /* Team1_BudgetingApp.app */,
			);
			name = Products;
			sourceTree = "<group>";
		};
		B4E44DF42CA7D0FA00C219B6 /* Team1_BudgetingApp */ = {
			isa = PBXGroup;
			children = (
				B4E44DF52CA7D0FA00C219B6 /* Team1_BudgetingAppApp.swift */,
				B4E44DF72CA7D0FA00C219B6 /* ContentView.swift */,
				B4998CBE2CC86B980079B12C /* SettingsView.swift */,
				B4998CC02CC871EA0079B12C /* AboutUsView.swift */,
				B4998C9B2CC5B1D20079B12C /* SplashScreenView.swift */,
				B4998C912CC4501C0079B12C /* ProfileView.swift */,
				B4998C932CC457EF0079B12C /* EditBudgetView.swift */,
				8076393C2CC857A200F80452 /* Models */,
				807639212CC7194200F80452 /* LoginSignupViews */,
				8076391E2CC717E400F80452 /* FinanceReportViews */,
				807639382CC8575700F80452 /* TransactionsViews */,
				804CE99C2CBC871F00886E44 /* BudgetIcons.swift */,
				B4E44DF92CA7D0FB00C219B6 /* Assets.xcassets */,
				B488C5B52CF951B500125F3B /* GoogleService-Info.plist */,
				B4E44DFB2CA7D0FB00C219B6 /* Preview Content */,
			);
			path = Team1_BudgetingApp;
			sourceTree = "<group>";
		};
		B4E44DFB2CA7D0FB00C219B6 /* Preview Content */ = {
			isa = PBXGroup;
			children = (
				B4E44DFC2CA7D0FB00C219B6 /* Preview Assets.xcassets */,
			);
			path = "Preview Content";
			sourceTree = "<group>";
		};
/* End PBXGroup section */

/* Begin PBXNativeTarget section */
		B4E44DF12CA7D0FA00C219B6 /* Team1_BudgetingApp */ = {
			isa = PBXNativeTarget;
			buildConfigurationList = B4E44E002CA7D0FB00C219B6 /* Build configuration list for PBXNativeTarget "Team1_BudgetingApp" */;
			buildPhases = (
				B4E44DEE2CA7D0FA00C219B6 /* Sources */,
				B4E44DEF2CA7D0FA00C219B6 /* Frameworks */,
				B4E44DF02CA7D0FA00C219B6 /* Resources */,
			);
			buildRules = (
			);
			dependencies = (
			);
			fileSystemSynchronizedGroups = (
				8076391E2CC717E400F80452 /* FinanceReportViews */,
				807639382CC8575700F80452 /* TransactionsViews */,
				8076393C2CC857A200F80452 /* Models */,
			);
			name = Team1_BudgetingApp;
			productName = Team1_BudgetingApp;
			productReference = B4E44DF22CA7D0FA00C219B6 /* Team1_BudgetingApp.app */;
			productType = "com.apple.product-type.application";
		};
/* End PBXNativeTarget section */

/* Begin PBXProject section */
		B4E44DEA2CA7D0FA00C219B6 /* Project object */ = {
			isa = PBXProject;
			attributes = {
				BuildIndependentTargetsInParallel = 1;
				LastSwiftUpdateCheck = 1540;
				LastUpgradeCheck = 1540;
				TargetAttributes = {
					B4E44DF12CA7D0FA00C219B6 = {
						CreatedOnToolsVersion = 15.4;
					};
				};
			};
			buildConfigurationList = B4E44DED2CA7D0FA00C219B6 /* Build configuration list for PBXProject "Team1_BudgetingApp" */;
			compatibilityVersion = "Xcode 14.0";
			developmentRegion = en;
			hasScannedForEncodings = 0;
			knownRegions = (
				en,
				Base,
			);
			mainGroup = B4E44DE92CA7D0FA00C219B6;
			packageReferences = (
				B488C5B72CF9526D00125F3B /* XCRemoteSwiftPackageReference "firebase-ios-sdk" */,
			);
			productRefGroup = B4E44DF32CA7D0FA00C219B6 /* Products */;
			projectDirPath = "";
			projectRoot = "";
			targets = (
				B4E44DF12CA7D0FA00C219B6 /* Team1_BudgetingApp */,
			);
		};
/* End PBXProject section */

/* Begin PBXResourcesBuildPhase section */
		B4E44DF02CA7D0FA00C219B6 /* Resources */ = {
			isa = PBXResourcesBuildPhase;
			buildActionMask = 2147483647;
			files = (
				B4E44DFD2CA7D0FB00C219B6 /* Preview Assets.xcassets in Resources */,
				B4E44DFA2CA7D0FB00C219B6 /* Assets.xcassets in Resources */,
				B488C5B62CF951B500125F3B /* GoogleService-Info.plist in Resources */,
			);
			runOnlyForDeploymentPostprocessing = 0;
		};
/* End PBXResourcesBuildPhase section */

/* Begin PBXSourcesBuildPhase section */
		B4E44DEE2CA7D0FA00C219B6 /* Sources */ = {
			isa = PBXSourcesBuildPhase;
			buildActionMask = 2147483647;
			files = (
				B4998CBF2CC86B980079B12C /* SettingsView.swift in Sources */,
				804CE99D2CBC871F00886E44 /* BudgetIcons.swift in Sources */,
				B4E44DF82CA7D0FA00C219B6 /* ContentView.swift in Sources */,
				B4998C922CC4501C0079B12C /* ProfileView.swift in Sources */,
				B4E44DF62CA7D0FA00C219B6 /* Team1_BudgetingAppApp.swift in Sources */,
				B4998C9C2CC5B1D20079B12C /* SplashScreenView.swift in Sources */,
				B4998C942CC457EF0079B12C /* EditBudgetView.swift in Sources */,
				B4998CC12CC871EA0079B12C /* AboutUsView.swift in Sources */,
			);
			runOnlyForDeploymentPostprocessing = 0;
		};
/* End PBXSourcesBuildPhase section */

/* Begin XCBuildConfiguration section */
		B4E44DFE2CA7D0FB00C219B6 /* Debug */ = {
			isa = XCBuildConfiguration;
			buildSettings = {
				ALWAYS_SEARCH_USER_PATHS = NO;
				ASSETCATALOG_COMPILER_GENERATE_SWIFT_ASSET_SYMBOL_EXTENSIONS = YES;
				CLANG_ANALYZER_NONNULL = YES;
				CLANG_ANALYZER_NUMBER_OBJECT_CONVERSION = YES_AGGRESSIVE;
				CLANG_CXX_LANGUAGE_STANDARD = "gnu++20";
				CLANG_ENABLE_MODULES = YES;
				CLANG_ENABLE_OBJC_ARC = YES;
				CLANG_ENABLE_OBJC_WEAK = YES;
				CLANG_WARN_BLOCK_CAPTURE_AUTORELEASING = YES;
				CLANG_WARN_BOOL_CONVERSION = YES;
				CLANG_WARN_COMMA = YES;
				CLANG_WARN_CONSTANT_CONVERSION = YES;
				CLANG_WARN_DEPRECATED_OBJC_IMPLEMENTATIONS = YES;
				CLANG_WARN_DIRECT_OBJC_ISA_USAGE = YES_ERROR;
				CLANG_WARN_DOCUMENTATION_COMMENTS = YES;
				CLANG_WARN_EMPTY_BODY = YES;
				CLANG_WARN_ENUM_CONVERSION = YES;
				CLANG_WARN_INFINITE_RECURSION = YES;
				CLANG_WARN_INT_CONVERSION = YES;
				CLANG_WARN_NON_LITERAL_NULL_CONVERSION = YES;
				CLANG_WARN_OBJC_IMPLICIT_RETAIN_SELF = YES;
				CLANG_WARN_OBJC_LITERAL_CONVERSION = YES;
				CLANG_WARN_OBJC_ROOT_CLASS = YES_ERROR;
				CLANG_WARN_QUOTED_INCLUDE_IN_FRAMEWORK_HEADER = YES;
				CLANG_WARN_RANGE_LOOP_ANALYSIS = YES;
				CLANG_WARN_STRICT_PROTOTYPES = YES;
				CLANG_WARN_SUSPICIOUS_MOVE = YES;
				CLANG_WARN_UNGUARDED_AVAILABILITY = YES_AGGRESSIVE;
				CLANG_WARN_UNREACHABLE_CODE = YES;
				CLANG_WARN__DUPLICATE_METHOD_MATCH = YES;
				COPY_PHASE_STRIP = NO;
				DEBUG_INFORMATION_FORMAT = dwarf;
				ENABLE_STRICT_OBJC_MSGSEND = YES;
				ENABLE_TESTABILITY = YES;
				ENABLE_USER_SCRIPT_SANDBOXING = YES;
				GCC_C_LANGUAGE_STANDARD = gnu17;
				GCC_DYNAMIC_NO_PIC = NO;
				GCC_NO_COMMON_BLOCKS = YES;
				GCC_OPTIMIZATION_LEVEL = 0;
				GCC_PREPROCESSOR_DEFINITIONS = (
					"DEBUG=1",
					"$(inherited)",
				);
				GCC_WARN_64_TO_32_BIT_CONVERSION = YES;
				GCC_WARN_ABOUT_RETURN_TYPE = YES_ERROR;
				GCC_WARN_UNDECLARED_SELECTOR = YES;
				GCC_WARN_UNINITIALIZED_AUTOS = YES_AGGRESSIVE;
				GCC_WARN_UNUSED_FUNCTION = YES;
				GCC_WARN_UNUSED_VARIABLE = YES;
				IPHONEOS_DEPLOYMENT_TARGET = 17.5;
				LOCALIZATION_PREFERS_STRING_CATALOGS = YES;
				MTL_ENABLE_DEBUG_INFO = INCLUDE_SOURCE;
				MTL_FAST_MATH = YES;
				ONLY_ACTIVE_ARCH = YES;
				SDKROOT = iphoneos;
				SWIFT_ACTIVE_COMPILATION_CONDITIONS = "DEBUG $(inherited)";
				SWIFT_OPTIMIZATION_LEVEL = "-Onone";
			};
			name = Debug;
		};
		B4E44DFF2CA7D0FB00C219B6 /* Release */ = {
			isa = XCBuildConfiguration;
			buildSettings = {
				ALWAYS_SEARCH_USER_PATHS = NO;
				ASSETCATALOG_COMPILER_GENERATE_SWIFT_ASSET_SYMBOL_EXTENSIONS = YES;
				CLANG_ANALYZER_NONNULL = YES;
				CLANG_ANALYZER_NUMBER_OBJECT_CONVERSION = YES_AGGRESSIVE;
				CLANG_CXX_LANGUAGE_STANDARD = "gnu++20";
				CLANG_ENABLE_MODULES = YES;
				CLANG_ENABLE_OBJC_ARC = YES;
				CLANG_ENABLE_OBJC_WEAK = YES;
				CLANG_WARN_BLOCK_CAPTURE_AUTORELEASING = YES;
				CLANG_WARN_BOOL_CONVERSION = YES;
				CLANG_WARN_COMMA = YES;
				CLANG_WARN_CONSTANT_CONVERSION = YES;
				CLANG_WARN_DEPRECATED_OBJC_IMPLEMENTATIONS = YES;
				CLANG_WARN_DIRECT_OBJC_ISA_USAGE = YES_ERROR;
				CLANG_WARN_DOCUMENTATION_COMMENTS = YES;
				CLANG_WARN_EMPTY_BODY = YES;
				CLANG_WARN_ENUM_CONVERSION = YES;
				CLANG_WARN_INFINITE_RECURSION = YES;
				CLANG_WARN_INT_CONVERSION = YES;
				CLANG_WARN_NON_LITERAL_NULL_CONVERSION = YES;
				CLANG_WARN_OBJC_IMPLICIT_RETAIN_SELF = YES;
				CLANG_WARN_OBJC_LITERAL_CONVERSION = YES;
				CLANG_WARN_OBJC_ROOT_CLASS = YES_ERROR;
				CLANG_WARN_QUOTED_INCLUDE_IN_FRAMEWORK_HEADER = YES;
				CLANG_WARN_RANGE_LOOP_ANALYSIS = YES;
				CLANG_WARN_STRICT_PROTOTYPES = YES;
				CLANG_WARN_SUSPICIOUS_MOVE = YES;
				CLANG_WARN_UNGUARDED_AVAILABILITY = YES_AGGRESSIVE;
				CLANG_WARN_UNREACHABLE_CODE = YES;
				CLANG_WARN__DUPLICATE_METHOD_MATCH = YES;
				COPY_PHASE_STRIP = NO;
				DEBUG_INFORMATION_FORMAT = "dwarf-with-dsym";
				ENABLE_NS_ASSERTIONS = NO;
				ENABLE_STRICT_OBJC_MSGSEND = YES;
				ENABLE_USER_SCRIPT_SANDBOXING = YES;
				GCC_C_LANGUAGE_STANDARD = gnu17;
				GCC_NO_COMMON_BLOCKS = YES;
				GCC_WARN_64_TO_32_BIT_CONVERSION = YES;
				GCC_WARN_ABOUT_RETURN_TYPE = YES_ERROR;
				GCC_WARN_UNDECLARED_SELECTOR = YES;
				GCC_WARN_UNINITIALIZED_AUTOS = YES_AGGRESSIVE;
				GCC_WARN_UNUSED_FUNCTION = YES;
				GCC_WARN_UNUSED_VARIABLE = YES;
				IPHONEOS_DEPLOYMENT_TARGET = 17.5;
				LOCALIZATION_PREFERS_STRING_CATALOGS = YES;
				MTL_ENABLE_DEBUG_INFO = NO;
				MTL_FAST_MATH = YES;
				SDKROOT = iphoneos;
				SWIFT_COMPILATION_MODE = wholemodule;
				VALIDATE_PRODUCT = YES;
			};
			name = Release;
		};
		B4E44E012CA7D0FB00C219B6 /* Debug */ = {
			isa = XCBuildConfiguration;
			buildSettings = {
				ASSETCATALOG_COMPILER_APPICON_NAME = AppIcon;
				ASSETCATALOG_COMPILER_GLOBAL_ACCENT_COLOR_NAME = AccentColor;
				CODE_SIGN_STYLE = Automatic;
				CURRENT_PROJECT_VERSION = 1;
				DEVELOPMENT_ASSET_PATHS = "\"Team1_BudgetingApp/Preview Content\"";
				DEVELOPMENT_TEAM = RAJFVSF8D5;
				ENABLE_PREVIEWS = YES;
				GENERATE_INFOPLIST_FILE = YES;
				INFOPLIST_KEY_UIApplicationSceneManifest_Generation = YES;
				INFOPLIST_KEY_UIApplicationSupportsIndirectInputEvents = YES;
				INFOPLIST_KEY_UILaunchScreen_Generation = YES;
				INFOPLIST_KEY_UISupportedInterfaceOrientations_iPad = "UIInterfaceOrientationPortrait UIInterfaceOrientationPortraitUpsideDown UIInterfaceOrientationLandscapeLeft UIInterfaceOrientationLandscapeRight";
				INFOPLIST_KEY_UISupportedInterfaceOrientations_iPhone = "UIInterfaceOrientationPortrait UIInterfaceOrientationLandscapeLeft UIInterfaceOrientationLandscapeRight";
				LD_RUNPATH_SEARCH_PATHS = (
					"$(inherited)",
					"@executable_path/Frameworks",
				);
				MARKETING_VERSION = 1.0;
				PRODUCT_BUNDLE_IDENTIFIER = "COSC4355.Team1-BudgetingApp";
				PRODUCT_NAME = "$(TARGET_NAME)";
				SWIFT_EMIT_LOC_STRINGS = YES;
				SWIFT_VERSION = 5.0;
				TARGETED_DEVICE_FAMILY = "1,2";
			};
			name = Debug;
		};
		B4E44E022CA7D0FB00C219B6 /* Release */ = {
			isa = XCBuildConfiguration;
			buildSettings = {
				ASSETCATALOG_COMPILER_APPICON_NAME = AppIcon;
				ASSETCATALOG_COMPILER_GLOBAL_ACCENT_COLOR_NAME = AccentColor;
				CODE_SIGN_STYLE = Automatic;
				CURRENT_PROJECT_VERSION = 1;
				DEVELOPMENT_ASSET_PATHS = "\"Team1_BudgetingApp/Preview Content\"";
				DEVELOPMENT_TEAM = RAJFVSF8D5;
				ENABLE_PREVIEWS = YES;
				GENERATE_INFOPLIST_FILE = YES;
				INFOPLIST_KEY_UIApplicationSceneManifest_Generation = YES;
				INFOPLIST_KEY_UIApplicationSupportsIndirectInputEvents = YES;
				INFOPLIST_KEY_UILaunchScreen_Generation = YES;
				INFOPLIST_KEY_UISupportedInterfaceOrientations_iPad = "UIInterfaceOrientationPortrait UIInterfaceOrientationPortraitUpsideDown UIInterfaceOrientationLandscapeLeft UIInterfaceOrientationLandscapeRight";
				INFOPLIST_KEY_UISupportedInterfaceOrientations_iPhone = "UIInterfaceOrientationPortrait UIInterfaceOrientationLandscapeLeft UIInterfaceOrientationLandscapeRight";
				LD_RUNPATH_SEARCH_PATHS = (
					"$(inherited)",
					"@executable_path/Frameworks",
				);
				MARKETING_VERSION = 1.0;
				PRODUCT_BUNDLE_IDENTIFIER = "COSC4355.Team1-BudgetingApp";
				PRODUCT_NAME = "$(TARGET_NAME)";
				SWIFT_EMIT_LOC_STRINGS = YES;
				SWIFT_VERSION = 5.0;
				TARGETED_DEVICE_FAMILY = "1,2";
			};
			name = Release;
		};
/* End XCBuildConfiguration section */

/* Begin XCConfigurationList section */
		B4E44DED2CA7D0FA00C219B6 /* Build configuration list for PBXProject "Team1_BudgetingApp" */ = {
			isa = XCConfigurationList;
			buildConfigurations = (
				B4E44DFE2CA7D0FB00C219B6 /* Debug */,
				B4E44DFF2CA7D0FB00C219B6 /* Release */,
			);
			defaultConfigurationIsVisible = 0;
			defaultConfigurationName = Release;
		};
		B4E44E002CA7D0FB00C219B6 /* Build configuration list for PBXNativeTarget "Team1_BudgetingApp" */ = {
			isa = XCConfigurationList;
			buildConfigurations = (
				B4E44E012CA7D0FB00C219B6 /* Debug */,
				B4E44E022CA7D0FB00C219B6 /* Release */,
			);
			defaultConfigurationIsVisible = 0;
			defaultConfigurationName = Release;
		};
/* End XCConfigurationList section */

/* Begin XCRemoteSwiftPackageReference section */
		B488C5B72CF9526D00125F3B /* XCRemoteSwiftPackageReference "firebase-ios-sdk" */ = {
			isa = XCRemoteSwiftPackageReference;
			repositoryURL = "https://github.com/firebase/firebase-ios-sdk";
			requirement = {
				kind = upToNextMajorVersion;
				minimumVersion = 11.5.0;
			};
		};
/* End XCRemoteSwiftPackageReference section */

/* Begin XCSwiftPackageProductDependency section */
		B488C5B82CF9526D00125F3B /* FirebaseAnalytics */ = {
			isa = XCSwiftPackageProductDependency;
			package = B488C5B72CF9526D00125F3B /* XCRemoteSwiftPackageReference "firebase-ios-sdk" */;
			productName = FirebaseAnalytics;
		};
		B488C5BA2CF9526D00125F3B /* FirebaseAnalyticsOnDeviceConversion */ = {
			isa = XCSwiftPackageProductDependency;
			package = B488C5B72CF9526D00125F3B /* XCRemoteSwiftPackageReference "firebase-ios-sdk" */;
			productName = FirebaseAnalyticsOnDeviceConversion;
		};
		B488C5BC2CF9526D00125F3B /* FirebaseAnalyticsWithoutAdIdSupport */ = {
			isa = XCSwiftPackageProductDependency;
			package = B488C5B72CF9526D00125F3B /* XCRemoteSwiftPackageReference "firebase-ios-sdk" */;
			productName = FirebaseAnalyticsWithoutAdIdSupport;
		};
		B488C5BE2CF9526D00125F3B /* FirebaseAppCheck */ = {
			isa = XCSwiftPackageProductDependency;
			package = B488C5B72CF9526D00125F3B /* XCRemoteSwiftPackageReference "firebase-ios-sdk" */;
			productName = FirebaseAppCheck;
		};
		B488C5C02CF9526D00125F3B /* FirebaseAppDistribution-Beta */ = {
			isa = XCSwiftPackageProductDependency;
			package = B488C5B72CF9526D00125F3B /* XCRemoteSwiftPackageReference "firebase-ios-sdk" */;
			productName = "FirebaseAppDistribution-Beta";
		};
		B488C5C22CF9526D00125F3B /* FirebaseAuth */ = {
			isa = XCSwiftPackageProductDependency;
			package = B488C5B72CF9526D00125F3B /* XCRemoteSwiftPackageReference "firebase-ios-sdk" */;
			productName = FirebaseAuth;
		};
		B488C5C42CF9526D00125F3B /* FirebaseAuthCombine-Community */ = {
			isa = XCSwiftPackageProductDependency;
			package = B488C5B72CF9526D00125F3B /* XCRemoteSwiftPackageReference "firebase-ios-sdk" */;
			productName = "FirebaseAuthCombine-Community";
		};
		B488C5C62CF9526D00125F3B /* FirebaseCore */ = {
			isa = XCSwiftPackageProductDependency;
			package = B488C5B72CF9526D00125F3B /* XCRemoteSwiftPackageReference "firebase-ios-sdk" */;
			productName = FirebaseCore;
		};
		B488C5C82CF9526D00125F3B /* FirebaseCrashlytics */ = {
			isa = XCSwiftPackageProductDependency;
			package = B488C5B72CF9526D00125F3B /* XCRemoteSwiftPackageReference "firebase-ios-sdk" */;
			productName = FirebaseCrashlytics;
		};
		B488C5CA2CF9526D00125F3B /* FirebaseDatabase */ = {
			isa = XCSwiftPackageProductDependency;
			package = B488C5B72CF9526D00125F3B /* XCRemoteSwiftPackageReference "firebase-ios-sdk" */;
			productName = FirebaseDatabase;
		};
		B488C5CC2CF9526D00125F3B /* FirebaseDynamicLinks */ = {
			isa = XCSwiftPackageProductDependency;
			package = B488C5B72CF9526D00125F3B /* XCRemoteSwiftPackageReference "firebase-ios-sdk" */;
			productName = FirebaseDynamicLinks;
		};
		B488C5CE2CF9526D00125F3B /* FirebaseFirestore */ = {
			isa = XCSwiftPackageProductDependency;
			package = B488C5B72CF9526D00125F3B /* XCRemoteSwiftPackageReference "firebase-ios-sdk" */;
			productName = FirebaseFirestore;
		};
		B488C5D02CF9526D00125F3B /* FirebaseFirestoreCombine-Community */ = {
			isa = XCSwiftPackageProductDependency;
			package = B488C5B72CF9526D00125F3B /* XCRemoteSwiftPackageReference "firebase-ios-sdk" */;
			productName = "FirebaseFirestoreCombine-Community";
		};
		B488C5D22CF9526D00125F3B /* FirebaseFunctions */ = {
			isa = XCSwiftPackageProductDependency;
			package = B488C5B72CF9526D00125F3B /* XCRemoteSwiftPackageReference "firebase-ios-sdk" */;
			productName = FirebaseFunctions;
		};
		B488C5D42CF9526D00125F3B /* FirebaseFunctionsCombine-Community */ = {
			isa = XCSwiftPackageProductDependency;
			package = B488C5B72CF9526D00125F3B /* XCRemoteSwiftPackageReference "firebase-ios-sdk" */;
			productName = "FirebaseFunctionsCombine-Community";
		};
		B488C5D62CF9526D00125F3B /* FirebaseInAppMessaging-Beta */ = {
			isa = XCSwiftPackageProductDependency;
			package = B488C5B72CF9526D00125F3B /* XCRemoteSwiftPackageReference "firebase-ios-sdk" */;
			productName = "FirebaseInAppMessaging-Beta";
		};
		B488C5D82CF9526D00125F3B /* FirebaseInstallations */ = {
			isa = XCSwiftPackageProductDependency;
			package = B488C5B72CF9526D00125F3B /* XCRemoteSwiftPackageReference "firebase-ios-sdk" */;
			productName = FirebaseInstallations;
		};
		B488C5DA2CF9526D00125F3B /* FirebaseMLModelDownloader */ = {
			isa = XCSwiftPackageProductDependency;
			package = B488C5B72CF9526D00125F3B /* XCRemoteSwiftPackageReference "firebase-ios-sdk" */;
			productName = FirebaseMLModelDownloader;
		};
		B488C5DC2CF9526D00125F3B /* FirebaseMessaging */ = {
			isa = XCSwiftPackageProductDependency;
			package = B488C5B72CF9526D00125F3B /* XCRemoteSwiftPackageReference "firebase-ios-sdk" */;
			productName = FirebaseMessaging;
		};
		B488C5DE2CF9526D00125F3B /* FirebasePerformance */ = {
			isa = XCSwiftPackageProductDependency;
			package = B488C5B72CF9526D00125F3B /* XCRemoteSwiftPackageReference "firebase-ios-sdk" */;
			productName = FirebasePerformance;
		};
		B488C5E02CF9526D00125F3B /* FirebaseRemoteConfig */ = {
			isa = XCSwiftPackageProductDependency;
			package = B488C5B72CF9526D00125F3B /* XCRemoteSwiftPackageReference "firebase-ios-sdk" */;
			productName = FirebaseRemoteConfig;
		};
		B488C5E22CF9526D00125F3B /* FirebaseStorage */ = {
			isa = XCSwiftPackageProductDependency;
			package = B488C5B72CF9526D00125F3B /* XCRemoteSwiftPackageReference "firebase-ios-sdk" */;
			productName = FirebaseStorage;
		};
		B488C5E42CF9526D00125F3B /* FirebaseStorageCombine-Community */ = {
			isa = XCSwiftPackageProductDependency;
			package = B488C5B72CF9526D00125F3B /* XCRemoteSwiftPackageReference "firebase-ios-sdk" */;
			productName = "FirebaseStorageCombine-Community";
		};
		B488C5E62CF9526D00125F3B /* FirebaseVertexAI */ = {
			isa = XCSwiftPackageProductDependency;
			package = B488C5B72CF9526D00125F3B /* XCRemoteSwiftPackageReference "firebase-ios-sdk" */;
			productName = FirebaseVertexAI;
		};
/* End XCSwiftPackageProductDependency section */
	};
	rootObject = B4E44DEA2CA7D0FA00C219B6 /* Project object */;
}
